
Microsoft Visual Studio Solution File, Format Version 12.00
# Visual Studio 15
VisualStudioVersion = 15.0.28307.852
MinimumVisualStudioVersion = 10.0.40219.1
Project("{FAE04EC0-301F-11D3-BF4B-00C04F79EFBC}") = "BE", "BE\BE.csproj", "{B244C370-E794-4024-A89C-DEDE8013E02B}"
EndProject
Project("{FAE04EC0-301F-11D3-BF4B-00C04F79EFBC}") = "BR", "BR\BR.csproj", "{21999609-8FED-41F5-917B-85B6E6582271}"
EndProject
Project("{FAE04EC0-301F-11D3-BF4B-00C04F79EFBC}") = "DA", "DA\DA.csproj", "{E02D91D0-EB8D-4C1F-9D14-163FF84B55D2}"
EndProject
Project("{FAE04EC0-301F-11D3-BF4B-00C04F79EFBC}") = "App", "App\App.csproj", "{F7FDF69A-864C-4E7F-B236-4DB7D3B74833}"
	ProjectSection(ProjectDependencies) = postProject
		{77400F6F-F2BE-46A2-9EF0-FA79DD360DC2} = {77400F6F-F2BE-46A2-9EF0-FA79DD360DC2}
	EndProjectSection
EndProject
Project("{FAE04EC0-301F-11D3-BF4B-00C04F79EFBC}") = "NSP Service", "NSP Service\NSP Service.csproj", "{77400F6F-F2BE-46A2-9EF0-FA79DD360DC2}"
EndProject
Project("{FAE04EC0-301F-11D3-BF4B-00C04F79EFBC}") = "NSP Service.Tests", "NSP Service.Tests\NSP Service.Tests.csproj", "{4FB0473E-8EFC-467C-BAD0-0A2238B85301}"
	ProjectSection(ProjectDependencies) = postProject
		{77400F6F-F2BE-46A2-9EF0-FA79DD360DC2} = {77400F6F-F2BE-46A2-9EF0-FA79DD360DC2}
	EndProjectSection
EndProject
Global
	GlobalSection(SolutionConfigurationPlatforms) = preSolution
		Debug|Any CPU = Debug|Any CPU
		Release|Any CPU = Release|Any CPU
	EndGlobalSection
	GlobalSection(ProjectConfigurationPlatforms) = postSolution
		{B244C370-E794-4024-A89C-DEDE8013E02B}.Debug|Any CPU.ActiveCfg = Debug|Any CPU
		{B244C370-E794-4024-A89C-DEDE8013E02B}.Debug|Any CPU.Build.0 = Debug|Any CPU
		{B244C370-E794-4024-A89C-DEDE8013E02B}.Release|Any CPU.ActiveCfg = Release|Any CPU
		{B244C370-E794-4024-A89C-DEDE8013E02B}.Release|Any CPU.Build.0 = Release|Any CPU
		{21999609-8FED-41F5-917B-85B6E6582271}.Debug|Any CPU.ActiveCfg = Debug|Any CPU
		{21999609-8FED-41F5-917B-85B6E6582271}.Debug|Any CPU.Build.0 = Debug|Any CPU
		{21999609-8FED-41F5-917B-85B6E6582271}.Release|Any CPU.ActiveCfg = Release|Any CPU
		{21999609-8FED-41F5-917B-85B6E6582271}.Release|Any CPU.Build.0 = Release|Any CPU
		{E02D91D0-EB8D-4C1F-9D14-163FF84B55D2}.Debug|Any CPU.ActiveCfg = Debug|Any CPU
		{E02D91D0-EB8D-4C1F-9D14-163FF84B55D2}.Debug|Any CPU.Build.0 = Debug|Any CPU
		{E02D91D0-EB8D-4C1F-9D14-163FF84B55D2}.Release|Any CPU.ActiveCfg = Release|Any CPU
		{E02D91D0-EB8D-4C1F-9D14-163FF84B55D2}.Release|Any CPU.Build.0 = Release|Any CPU
		{F7FDF69A-864C-4E7F-B236-4DB7D3B74833}.Debug|Any CPU.ActiveCfg = Debug|Any CPU
		{F7FDF69A-864C-4E7F-B236-4DB7D3B74833}.Debug|Any CPU.Build.0 = Debug|Any CPU
		{F7FDF69A-864C-4E7F-B236-4DB7D3B74833}.Release|Any CPU.ActiveCfg = Release|Any CPU
		{F7FDF69A-864C-4E7F-B236-4DB7D3B74833}.Release|Any CPU.Build.0 = Release|Any CPU
		{77400F6F-F2BE-46A2-9EF0-FA79DD360DC2}.Debug|Any CPU.ActiveCfg = Debug|Any CPU
		{77400F6F-F2BE-46A2-9EF0-FA79DD360DC2}.Debug|Any CPU.Build.0 = Debug|Any CPU
		{77400F6F-F2BE-46A2-9EF0-FA79DD360DC2}.Release|Any CPU.ActiveCfg = Release|Any CPU
		{77400F6F-F2BE-46A2-9EF0-FA79DD360DC2}.Release|Any CPU.Build.0 = Release|Any CPU
		{4FB0473E-8EFC-467C-BAD0-0A2238B85301}.Debug|Any CPU.ActiveCfg = Debug|Any CPU
		{4FB0473E-8EFC-467C-BAD0-0A2238B85301}.Debug|Any CPU.Build.0 = Debug|Any CPU
		{4FB0473E-8EFC-467C-BAD0-0A2238B85301}.Release|Any CPU.ActiveCfg = Release|Any CPU
		{4FB0473E-8EFC-467C-BAD0-0A2238B85301}.Release|Any CPU.Build.0 = Release|Any CPU
	EndGlobalSection
	GlobalSection(SolutionProperties) = preSolution
		HideSolutionNode = FALSE
	EndGlobalSection
	GlobalSection(ExtensibilityGlobals) = postSolution
		SolutionGuid = {D3695DA6-5601-448E-A601-10B8EAB052B0}
	EndGlobalSection
EndGlobal
